
Microsoft Visual Studio Solution File, Format Version 12.00
# Visual Studio Version 17
VisualStudioVersion = 17.5.002.0
MinimumVisualStudioVersion = 10.0.40219.1
Project("{9A19103F-16F7-4668-BE54-9A1E7A4F7556}") = "TodoListApi", "TodoListApi\TodoListApi.csproj", "{4C167630-ACB4-468C-9D83-E977669602BB}"
EndProject
Global
	GlobalSection(SolutionConfigurationPlatforms) = preSolution
		Debug|Any CPU = Debug|Any CPU
		Release|Any CPU = Release|Any CPU
	EndGlobalSection
	GlobalSection(ProjectConfigurationPlatforms) = postSolution
		{4C167630-ACB4-468C-9D83-E977669602BB}.Debug|Any CPU.ActiveCfg = Debug|Any CPU
		{4C167630-ACB4-468C-9D83-E977669602BB}.Debug|Any CPU.Build.0 = Debug|Any CPU
		{4C167630-ACB4-468C-9D83-E977669602BB}.Release|Any CPU.ActiveCfg = Release|Any CPU
		{4C167630-ACB4-468C-9D83-E977669602BB}.Release|Any CPU.Build.0 = Release|Any CPU
	EndGlobalSection
	GlobalSection(SolutionProperties) = preSolution
		HideSolutionNode = FALSE
	EndGlobalSection
	GlobalSection(ExtensibilityGlobals) = postSolution
		SolutionGuid = {C746DE88-6480-47C6-A4B9-70562B421A83}
	EndGlobalSection
EndGlobal
